// !$*UTF8*$!
{
	archiveVersion = 1;
	classes = {
	};
	objectVersion = 55;
	objects = {

/* Begin PBXBuildFile section */
		7D25AB14268E70C100AAD063 /* ghostbirdApp.swift in Sources */ = {isa = PBXBuildFile; fileRef = 7D25AB13268E70C100AAD063 /* ghostbirdApp.swift */; };
		7D25AB18268E70C200AAD063 /* Assets.xcassets in Resources */ = {isa = PBXBuildFile; fileRef = 7D25AB17268E70C200AAD063 /* Assets.xcassets */; };
		7D25AB1B268E70C200AAD063 /* Preview Assets.xcassets in Resources */ = {isa = PBXBuildFile; fileRef = 7D25AB1A268E70C200AAD063 /* Preview Assets.xcassets */; };
		7D25AB22268E70D300AAD063 /* TwitterAPI.swift in Sources */ = {isa = PBXBuildFile; fileRef = 7D25AB21268E70D300AAD063 /* TwitterAPI.swift */; };
		7D25AB2D268EABA900AAD063 /* TrendsView.swift in Sources */ = {isa = PBXBuildFile; fileRef = 7D25AB2C268EABA900AAD063 /* TrendsView.swift */; };
		7D25AB35268EC1B000AAD063 /* SearchResults.swift in Sources */ = {isa = PBXBuildFile; fileRef = 7D25AB34268EC1B000AAD063 /* SearchResults.swift */; };
		7D25AB37268EC66E00AAD063 /* SearchResultsView.swift in Sources */ = {isa = PBXBuildFile; fileRef = 7D25AB36268EC66E00AAD063 /* SearchResultsView.swift */; };
		7D25AB39268F820500AAD063 /* ErrorResponse.swift in Sources */ = {isa = PBXBuildFile; fileRef = 7D25AB38268F820500AAD063 /* ErrorResponse.swift */; };
		7D25AB3C268FD85500AAD063 /* Tweet.swift in Sources */ = {isa = PBXBuildFile; fileRef = 7D25AB3B268FD85500AAD063 /* Tweet.swift */; };
		7D25AB3E268FD86300AAD063 /* User.swift in Sources */ = {isa = PBXBuildFile; fileRef = 7D25AB3D268FD86300AAD063 /* User.swift */; };
		7D25AB40268FDE3200AAD063 /* TweetView.swift in Sources */ = {isa = PBXBuildFile; fileRef = 7D25AB3F268FDE3200AAD063 /* TweetView.swift */; };
		7D25AB492690C76300AAD063 /* ConversationView.swift in Sources */ = {isa = PBXBuildFile; fileRef = 7D25AB482690C76300AAD063 /* ConversationView.swift */; };
		7D25AB4B2690DA2800AAD063 /* TwitterAPI+Token.swift in Sources */ = {isa = PBXBuildFile; fileRef = 7D25AB4A2690DA2800AAD063 /* TwitterAPI+Token.swift */; };
		7D25AB4D2691043400AAD063 /* TwitterAPI+Keys.swift in Sources */ = {isa = PBXBuildFile; fileRef = 7D25AB4C2691043400AAD063 /* TwitterAPI+Keys.swift */; };
		7D25AB532693DF2F00AAD063 /* TwitterAPI+Search.swift in Sources */ = {isa = PBXBuildFile; fileRef = 7D25AB522693DF2F00AAD063 /* TwitterAPI+Search.swift */; };
		7D25AB552693E01100AAD063 /* TwitterAPI+User.swift in Sources */ = {isa = PBXBuildFile; fileRef = 7D25AB542693E01100AAD063 /* TwitterAPI+User.swift */; };
		7D25AB572693E0ED00AAD063 /* TwitterAPI+Trends.swift in Sources */ = {isa = PBXBuildFile; fileRef = 7D25AB562693E0ED00AAD063 /* TwitterAPI+Trends.swift */; };
		7D25AB592693E30200AAD063 /* TwitterAPI+Tweet.swift in Sources */ = {isa = PBXBuildFile; fileRef = 7D25AB582693E30200AAD063 /* TwitterAPI+Tweet.swift */; };
		7D25AB5C26940CAA00AAD063 /* URLRequest+HTTPMethod.swift in Sources */ = {isa = PBXBuildFile; fileRef = 7D25AB5B26940CAA00AAD063 /* URLRequest+HTTPMethod.swift */; };
		7D25AB5E26940CEB00AAD063 /* TwitterAPI+APIError.swift in Sources */ = {isa = PBXBuildFile; fileRef = 7D25AB5D26940CEB00AAD063 /* TwitterAPI+APIError.swift */; };
		7D25AB602694C7ED00AAD063 /* Date+agoString.swift in Sources */ = {isa = PBXBuildFile; fileRef = 7D25AB5F2694C7ED00AAD063 /* Date+agoString.swift */; };
		7D25AB662694FCFB00AAD063 /* ISO8601DateFormatter+twitter.swift in Sources */ = {isa = PBXBuildFile; fileRef = 7D25AB652694FCFB00AAD063 /* ISO8601DateFormatter+twitter.swift */; };
		7D5CD36626964D9D002D54BA /* Tweet+API.swift in Sources */ = {isa = PBXBuildFile; fileRef = 7D5CD36526964D9D002D54BA /* Tweet+API.swift */; };
		7D5CD36826967337002D54BA /* SearchResults+API.swift in Sources */ = {isa = PBXBuildFile; fileRef = 7D5CD36726967337002D54BA /* SearchResults+API.swift */; };
		7D5CD36A2696761A002D54BA /* User+API.swift in Sources */ = {isa = PBXBuildFile; fileRef = 7D5CD3692696761A002D54BA /* User+API.swift */; };
		7D5CD36C2696768E002D54BA /* TwitterKeys.swift in Sources */ = {isa = PBXBuildFile; fileRef = 7D5CD36B2696768E002D54BA /* TwitterKeys.swift */; };
		7D5CD36E2696AC13002D54BA /* Trends.swift in Sources */ = {isa = PBXBuildFile; fileRef = 7D5CD36D2696AC13002D54BA /* Trends.swift */; };
		7D5CD3702696AC19002D54BA /* Trend.swift in Sources */ = {isa = PBXBuildFile; fileRef = 7D5CD36F2696AC19002D54BA /* Trend.swift */; };
		7D5CD3722696B06F002D54BA /* Trend+API.swift in Sources */ = {isa = PBXBuildFile; fileRef = 7D5CD3712696B06F002D54BA /* Trend+API.swift */; };
		7D5CD3762697B3F7002D54BA /* NetworkErrorAlert.swift in Sources */ = {isa = PBXBuildFile; fileRef = 7D5CD3752697B3F7002D54BA /* NetworkErrorAlert.swift */; };
/* End PBXBuildFile section */

/* Begin PBXFileReference section */
		7D25AB10268E70C100AAD063 /* ghostbird.app */ = {isa = PBXFileReference; explicitFileType = wrapper.application; includeInIndex = 0; path = ghostbird.app; sourceTree = BUILT_PRODUCTS_DIR; };
		7D25AB13268E70C100AAD063 /* ghostbirdApp.swift */ = {isa = PBXFileReference; lastKnownFileType = sourcecode.swift; path = ghostbirdApp.swift; sourceTree = "<group>"; };
		7D25AB17268E70C200AAD063 /* Assets.xcassets */ = {isa = PBXFileReference; lastKnownFileType = folder.assetcatalog; path = Assets.xcassets; sourceTree = "<group>"; };
		7D25AB1A268E70C200AAD063 /* Preview Assets.xcassets */ = {isa = PBXFileReference; lastKnownFileType = folder.assetcatalog; path = "Preview Assets.xcassets"; sourceTree = "<group>"; };
		7D25AB21268E70D300AAD063 /* TwitterAPI.swift */ = {isa = PBXFileReference; lastKnownFileType = sourcecode.swift; path = TwitterAPI.swift; sourceTree = "<group>"; };
		7D25AB25268E73B600AAD063 /* ghostbird-Info.plist */ = {isa = PBXFileReference; lastKnownFileType = text.plist.xml; path = "ghostbird-Info.plist"; sourceTree = SOURCE_ROOT; };
		7D25AB2C268EABA900AAD063 /* TrendsView.swift */ = {isa = PBXFileReference; lastKnownFileType = sourcecode.swift; path = TrendsView.swift; sourceTree = "<group>"; };
		7D25AB34268EC1B000AAD063 /* SearchResults.swift */ = {isa = PBXFileReference; lastKnownFileType = sourcecode.swift; path = SearchResults.swift; sourceTree = "<group>"; };
		7D25AB36268EC66E00AAD063 /* SearchResultsView.swift */ = {isa = PBXFileReference; lastKnownFileType = sourcecode.swift; path = SearchResultsView.swift; sourceTree = "<group>"; };
		7D25AB38268F820500AAD063 /* ErrorResponse.swift */ = {isa = PBXFileReference; lastKnownFileType = sourcecode.swift; path = ErrorResponse.swift; sourceTree = "<group>"; };
		7D25AB3B268FD85500AAD063 /* Tweet.swift */ = {isa = PBXFileReference; lastKnownFileType = sourcecode.swift; path = Tweet.swift; sourceTree = "<group>"; };
		7D25AB3D268FD86300AAD063 /* User.swift */ = {isa = PBXFileReference; lastKnownFileType = sourcecode.swift; path = User.swift; sourceTree = "<group>"; };
		7D25AB3F268FDE3200AAD063 /* TweetView.swift */ = {isa = PBXFileReference; lastKnownFileType = sourcecode.swift; path = TweetView.swift; sourceTree = "<group>"; };
		7D25AB41268FE71600AAD063 /* ghostbird.entitlements */ = {isa = PBXFileReference; lastKnownFileType = text.plist.entitlements; path = ghostbird.entitlements; sourceTree = "<group>"; };
		7D25AB482690C76300AAD063 /* ConversationView.swift */ = {isa = PBXFileReference; lastKnownFileType = sourcecode.swift; path = ConversationView.swift; sourceTree = "<group>"; };
		7D25AB4A2690DA2800AAD063 /* TwitterAPI+Token.swift */ = {isa = PBXFileReference; lastKnownFileType = sourcecode.swift; path = "TwitterAPI+Token.swift"; sourceTree = "<group>"; };
		7D25AB4C2691043400AAD063 /* TwitterAPI+Keys.swift */ = {isa = PBXFileReference; lastKnownFileType = sourcecode.swift; path = "TwitterAPI+Keys.swift"; sourceTree = "<group>"; };
		7D25AB522693DF2F00AAD063 /* TwitterAPI+Search.swift */ = {isa = PBXFileReference; lastKnownFileType = sourcecode.swift; path = "TwitterAPI+Search.swift"; sourceTree = "<group>"; };
		7D25AB542693E01100AAD063 /* TwitterAPI+User.swift */ = {isa = PBXFileReference; lastKnownFileType = sourcecode.swift; path = "TwitterAPI+User.swift"; sourceTree = "<group>"; };
		7D25AB562693E0ED00AAD063 /* TwitterAPI+Trends.swift */ = {isa = PBXFileReference; lastKnownFileType = sourcecode.swift; path = "TwitterAPI+Trends.swift"; sourceTree = "<group>"; };
		7D25AB582693E30200AAD063 /* TwitterAPI+Tweet.swift */ = {isa = PBXFileReference; lastKnownFileType = sourcecode.swift; path = "TwitterAPI+Tweet.swift"; sourceTree = "<group>"; };
		7D25AB5B26940CAA00AAD063 /* URLRequest+HTTPMethod.swift */ = {isa = PBXFileReference; lastKnownFileType = sourcecode.swift; path = "URLRequest+HTTPMethod.swift"; sourceTree = "<group>"; };
		7D25AB5D26940CEB00AAD063 /* TwitterAPI+APIError.swift */ = {isa = PBXFileReference; lastKnownFileType = sourcecode.swift; path = "TwitterAPI+APIError.swift"; sourceTree = "<group>"; };
		7D25AB5F2694C7ED00AAD063 /* Date+agoString.swift */ = {isa = PBXFileReference; lastKnownFileType = sourcecode.swift; path = "Date+agoString.swift"; sourceTree = "<group>"; };
		7D25AB652694FCFB00AAD063 /* ISO8601DateFormatter+twitter.swift */ = {isa = PBXFileReference; lastKnownFileType = sourcecode.swift; path = "ISO8601DateFormatter+twitter.swift"; sourceTree = "<group>"; };
		7D5CD36526964D9D002D54BA /* Tweet+API.swift */ = {isa = PBXFileReference; lastKnownFileType = sourcecode.swift; path = "Tweet+API.swift"; sourceTree = "<group>"; };
		7D5CD36726967337002D54BA /* SearchResults+API.swift */ = {isa = PBXFileReference; lastKnownFileType = sourcecode.swift; path = "SearchResults+API.swift"; sourceTree = "<group>"; };
		7D5CD3692696761A002D54BA /* User+API.swift */ = {isa = PBXFileReference; lastKnownFileType = sourcecode.swift; path = "User+API.swift"; sourceTree = "<group>"; };
		7D5CD36B2696768E002D54BA /* TwitterKeys.swift */ = {isa = PBXFileReference; lastKnownFileType = sourcecode.swift; path = TwitterKeys.swift; sourceTree = "<group>"; };
		7D5CD36D2696AC13002D54BA /* Trends.swift */ = {isa = PBXFileReference; lastKnownFileType = sourcecode.swift; path = Trends.swift; sourceTree = "<group>"; };
		7D5CD36F2696AC19002D54BA /* Trend.swift */ = {isa = PBXFileReference; lastKnownFileType = sourcecode.swift; path = Trend.swift; sourceTree = "<group>"; };
		7D5CD3712696B06F002D54BA /* Trend+API.swift */ = {isa = PBXFileReference; lastKnownFileType = sourcecode.swift; path = "Trend+API.swift"; sourceTree = "<group>"; };
		7D5CD3752697B3F7002D54BA /* NetworkErrorAlert.swift */ = {isa = PBXFileReference; lastKnownFileType = sourcecode.swift; path = NetworkErrorAlert.swift; sourceTree = "<group>"; };
/* End PBXFileReference section */

/* Begin PBXFrameworksBuildPhase section */
		7D25AB0D268E70C100AAD063 /* Frameworks */ = {
			isa = PBXFrameworksBuildPhase;
			buildActionMask = 2147483647;
			files = (
			);
			runOnlyForDeploymentPostprocessing = 0;
		};
/* End PBXFrameworksBuildPhase section */

/* Begin PBXGroup section */
		7D25AB07268E70C100AAD063 = {
			isa = PBXGroup;
			children = (
				7D25AB12268E70C100AAD063 /* ghostbird */,
				7D25AB11268E70C100AAD063 /* Products */,
			);
			sourceTree = "<group>";
		};
		7D25AB11268E70C100AAD063 /* Products */ = {
			isa = PBXGroup;
			children = (
				7D25AB10268E70C100AAD063 /* ghostbird.app */,
			);
			name = Products;
			sourceTree = "<group>";
		};
		7D25AB12268E70C100AAD063 /* ghostbird */ = {
			isa = PBXGroup;
			children = (
				7D25AB41268FE71600AAD063 /* ghostbird.entitlements */,
				7D25AB25268E73B600AAD063 /* ghostbird-Info.plist */,
				7D25AB13268E70C100AAD063 /* ghostbirdApp.swift */,
				7D25AB2B268EAB9B00AAD063 /* Views */,
				7D25AB3A268F8D1B00AAD063 /* Models */,
				7D5CD36426964D73002D54BA /* API Helpers */,
				7D25AB26268E744300AAD063 /* API */,
				7D25AB5A26940C9700AAD063 /* Extensions */,
				7D25AB17268E70C200AAD063 /* Assets.xcassets */,
				7D25AB19268E70C200AAD063 /* Preview Content */,
			);
			path = ghostbird;
			sourceTree = "<group>";
		};
		7D25AB19268E70C200AAD063 /* Preview Content */ = {
			isa = PBXGroup;
			children = (
				7D25AB1A268E70C200AAD063 /* Preview Assets.xcassets */,
			);
			path = "Preview Content";
			sourceTree = "<group>";
		};
		7D25AB26268E744300AAD063 /* API */ = {
			isa = PBXGroup;
			children = (
				7D25AB21268E70D300AAD063 /* TwitterAPI.swift */,
				7D25AB4C2691043400AAD063 /* TwitterAPI+Keys.swift */,
				7D25AB522693DF2F00AAD063 /* TwitterAPI+Search.swift */,
				7D25AB562693E0ED00AAD063 /* TwitterAPI+Trends.swift */,
				7D25AB542693E01100AAD063 /* TwitterAPI+User.swift */,
				7D25AB582693E30200AAD063 /* TwitterAPI+Tweet.swift */,
				7D25AB5D26940CEB00AAD063 /* TwitterAPI+APIError.swift */,
				7D25AB4A2690DA2800AAD063 /* TwitterAPI+Token.swift */,
				7D25AB38268F820500AAD063 /* ErrorResponse.swift */,
				7D25AB5B26940CAA00AAD063 /* URLRequest+HTTPMethod.swift */,
			);
			path = API;
			sourceTree = "<group>";
		};
		7D25AB2B268EAB9B00AAD063 /* Views */ = {
			isa = PBXGroup;
			children = (
				7D25AB2C268EABA900AAD063 /* TrendsView.swift */,
				7D25AB36268EC66E00AAD063 /* SearchResultsView.swift */,
				7D25AB482690C76300AAD063 /* ConversationView.swift */,
				7D25AB3F268FDE3200AAD063 /* TweetView.swift */,
				7D5CD3752697B3F7002D54BA /* NetworkErrorAlert.swift */,
			);
			path = Views;
			sourceTree = "<group>";
		};
		7D25AB3A268F8D1B00AAD063 /* Models */ = {
			isa = PBXGroup;
			children = (
				7D5CD36D2696AC13002D54BA /* Trends.swift */,
				7D5CD36F2696AC19002D54BA /* Trend.swift */,
				7D25AB34268EC1B000AAD063 /* SearchResults.swift */,
				7D25AB3B268FD85500AAD063 /* Tweet.swift */,
				7D25AB3D268FD86300AAD063 /* User.swift */,
			);
			path = Models;
			sourceTree = "<group>";
		};
		7D25AB5A26940C9700AAD063 /* Extensions */ = {
			isa = PBXGroup;
			children = (
				7D25AB5F2694C7ED00AAD063 /* Date+agoString.swift */,
				7D25AB652694FCFB00AAD063 /* ISO8601DateFormatter+twitter.swift */,
			);
			path = Extensions;
			sourceTree = "<group>";
		};
		7D5CD36426964D73002D54BA /* API Helpers */ = {
			isa = PBXGroup;
			children = (
				7D5CD36526964D9D002D54BA /* Tweet+API.swift */,
				7D5CD36726967337002D54BA /* SearchResults+API.swift */,
				7D5CD3692696761A002D54BA /* User+API.swift */,
				7D5CD3712696B06F002D54BA /* Trend+API.swift */,
				7D5CD36B2696768E002D54BA /* TwitterKeys.swift */,
			);
			path = "API Helpers";
			sourceTree = "<group>";
		};
/* End PBXGroup section */

/* Begin PBXNativeTarget section */
		7D25AB0F268E70C100AAD063 /* ghostbird */ = {
			isa = PBXNativeTarget;
			buildConfigurationList = 7D25AB1E268E70C200AAD063 /* Build configuration list for PBXNativeTarget "ghostbird" */;
			buildPhases = (
				7D25AB0C268E70C100AAD063 /* Sources */,
				7D25AB0D268E70C100AAD063 /* Frameworks */,
				7D25AB0E268E70C100AAD063 /* Resources */,
			);
			buildRules = (
			);
			dependencies = (
			);
			name = ghostbird;
			productName = "Twitter Tests";
			productReference = 7D25AB10268E70C100AAD063 /* ghostbird.app */;
			productType = "com.apple.product-type.application";
		};
/* End PBXNativeTarget section */

/* Begin PBXProject section */
		7D25AB08268E70C100AAD063 /* Project object */ = {
			isa = PBXProject;
			attributes = {
				BuildIndependentTargetsInParallel = 1;
				LastSwiftUpdateCheck = 1300;
				LastUpgradeCheck = 1300;
				TargetAttributes = {
					7D25AB0F268E70C100AAD063 = {
						CreatedOnToolsVersion = 13.0;
					};
				};
			};
			buildConfigurationList = 7D25AB0B268E70C100AAD063 /* Build configuration list for PBXProject "ghostbird" */;
			compatibilityVersion = "Xcode 13.0";
			developmentRegion = en;
			hasScannedForEncodings = 0;
			knownRegions = (
				en,
				Base,
			);
			mainGroup = 7D25AB07268E70C100AAD063;
			productRefGroup = 7D25AB11268E70C100AAD063 /* Products */;
			projectDirPath = "";
			projectRoot = "";
			targets = (
				7D25AB0F268E70C100AAD063 /* ghostbird */,
			);
		};
/* End PBXProject section */

/* Begin PBXResourcesBuildPhase section */
		7D25AB0E268E70C100AAD063 /* Resources */ = {
			isa = PBXResourcesBuildPhase;
			buildActionMask = 2147483647;
			files = (
				7D25AB1B268E70C200AAD063 /* Preview Assets.xcassets in Resources */,
				7D25AB18268E70C200AAD063 /* Assets.xcassets in Resources */,
			);
			runOnlyForDeploymentPostprocessing = 0;
		};
/* End PBXResourcesBuildPhase section */

/* Begin PBXSourcesBuildPhase section */
		7D25AB0C268E70C100AAD063 /* Sources */ = {
			isa = PBXSourcesBuildPhase;
			buildActionMask = 2147483647;
			files = (
				7D5CD3722696B06F002D54BA /* Trend+API.swift in Sources */,
				7D25AB4D2691043400AAD063 /* TwitterAPI+Keys.swift in Sources */,
				7D25AB22268E70D300AAD063 /* TwitterAPI.swift in Sources */,
				7D25AB39268F820500AAD063 /* ErrorResponse.swift in Sources */,
				7D25AB5E26940CEB00AAD063 /* TwitterAPI+APIError.swift in Sources */,
				7D25AB3C268FD85500AAD063 /* Tweet.swift in Sources */,
				7D25AB592693E30200AAD063 /* TwitterAPI+Tweet.swift in Sources */,
				7D25AB5C26940CAA00AAD063 /* URLRequest+HTTPMethod.swift in Sources */,
				7D5CD36C2696768E002D54BA /* TwitterKeys.swift in Sources */,
				7D25AB2D268EABA900AAD063 /* TrendsView.swift in Sources */,
				7D25AB3E268FD86300AAD063 /* User.swift in Sources */,
				7D25AB40268FDE3200AAD063 /* TweetView.swift in Sources */,
				7D5CD36626964D9D002D54BA /* Tweet+API.swift in Sources */,
				7D25AB602694C7ED00AAD063 /* Date+agoString.swift in Sources */,
				7D5CD36826967337002D54BA /* SearchResults+API.swift in Sources */,
				7D25AB492690C76300AAD063 /* ConversationView.swift in Sources */,
				7D25AB532693DF2F00AAD063 /* TwitterAPI+Search.swift in Sources */,
				7D5CD36A2696761A002D54BA /* User+API.swift in Sources */,
				7D25AB662694FCFB00AAD063 /* ISO8601DateFormatter+twitter.swift in Sources */,
				7D25AB572693E0ED00AAD063 /* TwitterAPI+Trends.swift in Sources */,
				7D25AB552693E01100AAD063 /* TwitterAPI+User.swift in Sources */,
				7D25AB37268EC66E00AAD063 /* SearchResultsView.swift in Sources */,
				7D5CD3762697B3F7002D54BA /* NetworkErrorAlert.swift in Sources */,
				7D5CD3702696AC19002D54BA /* Trend.swift in Sources */,
				7D5CD36E2696AC13002D54BA /* Trends.swift in Sources */,
				7D25AB35268EC1B000AAD063 /* SearchResults.swift in Sources */,
				7D25AB14268E70C100AAD063 /* ghostbirdApp.swift in Sources */,
				7D25AB4B2690DA2800AAD063 /* TwitterAPI+Token.swift in Sources */,
			);
			runOnlyForDeploymentPostprocessing = 0;
		};
/* End PBXSourcesBuildPhase section */

/* Begin XCBuildConfiguration section */
		7D25AB1C268E70C200AAD063 /* Debug */ = {
			isa = XCBuildConfiguration;
			buildSettings = {
				ALWAYS_SEARCH_USER_PATHS = NO;
				CLANG_ANALYZER_NONNULL = YES;
				CLANG_ANALYZER_NUMBER_OBJECT_CONVERSION = YES_AGGRESSIVE;
				CLANG_CXX_LANGUAGE_STANDARD = "gnu++14";
				CLANG_CXX_LIBRARY = "libc++";
				CLANG_ENABLE_MODULES = YES;
				CLANG_ENABLE_OBJC_ARC = YES;
				CLANG_ENABLE_OBJC_WEAK = YES;
				CLANG_WARN_BLOCK_CAPTURE_AUTORELEASING = YES;
				CLANG_WARN_BOOL_CONVERSION = YES;
				CLANG_WARN_COMMA = YES;
				CLANG_WARN_CONSTANT_CONVERSION = YES;
				CLANG_WARN_DEPRECATED_OBJC_IMPLEMENTATIONS = YES;
				CLANG_WARN_DIRECT_OBJC_ISA_USAGE = YES_ERROR;
				CLANG_WARN_DOCUMENTATION_COMMENTS = YES;
				CLANG_WARN_EMPTY_BODY = YES;
				CLANG_WARN_ENUM_CONVERSION = YES;
				CLANG_WARN_INFINITE_RECURSION = YES;
				CLANG_WARN_INT_CONVERSION = YES;
				CLANG_WARN_NON_LITERAL_NULL_CONVERSION = YES;
				CLANG_WARN_OBJC_IMPLICIT_RETAIN_SELF = YES;
				CLANG_WARN_OBJC_LITERAL_CONVERSION = YES;
				CLANG_WARN_OBJC_ROOT_CLASS = YES_ERROR;
				CLANG_WARN_QUOTED_INCLUDE_IN_FRAMEWORK_HEADER = YES;
				CLANG_WARN_RANGE_LOOP_ANALYSIS = YES;
				CLANG_WARN_STRICT_PROTOTYPES = YES;
				CLANG_WARN_SUSPICIOUS_MOVE = YES;
				CLANG_WARN_UNGUARDED_AVAILABILITY = YES_AGGRESSIVE;
				CLANG_WARN_UNREACHABLE_CODE = YES;
				CLANG_WARN__DUPLICATE_METHOD_MATCH = YES;
				COPY_PHASE_STRIP = NO;
				DEBUG_INFORMATION_FORMAT = dwarf;
				ENABLE_STRICT_OBJC_MSGSEND = YES;
				ENABLE_TESTABILITY = YES;
				GCC_C_LANGUAGE_STANDARD = gnu11;
				GCC_DYNAMIC_NO_PIC = NO;
				GCC_NO_COMMON_BLOCKS = YES;
				GCC_OPTIMIZATION_LEVEL = 0;
				GCC_PREPROCESSOR_DEFINITIONS = (
					"DEBUG=1",
					"$(inherited)",
				);
				GCC_WARN_64_TO_32_BIT_CONVERSION = YES;
				GCC_WARN_ABOUT_RETURN_TYPE = YES_ERROR;
				GCC_WARN_UNDECLARED_SELECTOR = YES;
				GCC_WARN_UNINITIALIZED_AUTOS = YES_AGGRESSIVE;
				GCC_WARN_UNUSED_FUNCTION = YES;
				GCC_WARN_UNUSED_VARIABLE = YES;
				IPHONEOS_DEPLOYMENT_TARGET = 15.0;
				MTL_ENABLE_DEBUG_INFO = INCLUDE_SOURCE;
				MTL_FAST_MATH = YES;
				ONLY_ACTIVE_ARCH = YES;
				SDKROOT = iphoneos;
				SWIFT_ACTIVE_COMPILATION_CONDITIONS = DEBUG;
				SWIFT_OPTIMIZATION_LEVEL = "-Onone";
			};
			name = Debug;
		};
		7D25AB1D268E70C200AAD063 /* Release */ = {
			isa = XCBuildConfiguration;
			buildSettings = {
				ALWAYS_SEARCH_USER_PATHS = NO;
				CLANG_ANALYZER_NONNULL = YES;
				CLANG_ANALYZER_NUMBER_OBJECT_CONVERSION = YES_AGGRESSIVE;
				CLANG_CXX_LANGUAGE_STANDARD = "gnu++14";
				CLANG_CXX_LIBRARY = "libc++";
				CLANG_ENABLE_MODULES = YES;
				CLANG_ENABLE_OBJC_ARC = YES;
				CLANG_ENABLE_OBJC_WEAK = YES;
				CLANG_WARN_BLOCK_CAPTURE_AUTORELEASING = YES;
				CLANG_WARN_BOOL_CONVERSION = YES;
				CLANG_WARN_COMMA = YES;
				CLANG_WARN_CONSTANT_CONVERSION = YES;
				CLANG_WARN_DEPRECATED_OBJC_IMPLEMENTATIONS = YES;
				CLANG_WARN_DIRECT_OBJC_ISA_USAGE = YES_ERROR;
				CLANG_WARN_DOCUMENTATION_COMMENTS = YES;
				CLANG_WARN_EMPTY_BODY = YES;
				CLANG_WARN_ENUM_CONVERSION = YES;
				CLANG_WARN_INFINITE_RECURSION = YES;
				CLANG_WARN_INT_CONVERSION = YES;
				CLANG_WARN_NON_LITERAL_NULL_CONVERSION = YES;
				CLANG_WARN_OBJC_IMPLICIT_RETAIN_SELF = YES;
				CLANG_WARN_OBJC_LITERAL_CONVERSION = YES;
				CLANG_WARN_OBJC_ROOT_CLASS = YES_ERROR;
				CLANG_WARN_QUOTED_INCLUDE_IN_FRAMEWORK_HEADER = YES;
				CLANG_WARN_RANGE_LOOP_ANALYSIS = YES;
				CLANG_WARN_STRICT_PROTOTYPES = YES;
				CLANG_WARN_SUSPICIOUS_MOVE = YES;
				CLANG_WARN_UNGUARDED_AVAILABILITY = YES_AGGRESSIVE;
				CLANG_WARN_UNREACHABLE_CODE = YES;
				CLANG_WARN__DUPLICATE_METHOD_MATCH = YES;
				COPY_PHASE_STRIP = NO;
				DEBUG_INFORMATION_FORMAT = "dwarf-with-dsym";
				ENABLE_NS_ASSERTIONS = NO;
				ENABLE_STRICT_OBJC_MSGSEND = YES;
				GCC_C_LANGUAGE_STANDARD = gnu11;
				GCC_NO_COMMON_BLOCKS = YES;
				GCC_WARN_64_TO_32_BIT_CONVERSION = YES;
				GCC_WARN_ABOUT_RETURN_TYPE = YES_ERROR;
				GCC_WARN_UNDECLARED_SELECTOR = YES;
				GCC_WARN_UNINITIALIZED_AUTOS = YES_AGGRESSIVE;
				GCC_WARN_UNUSED_FUNCTION = YES;
				GCC_WARN_UNUSED_VARIABLE = YES;
				IPHONEOS_DEPLOYMENT_TARGET = 15.0;
				MTL_ENABLE_DEBUG_INFO = NO;
				MTL_FAST_MATH = YES;
				SDKROOT = iphoneos;
				SWIFT_COMPILATION_MODE = wholemodule;
				SWIFT_OPTIMIZATION_LEVEL = "-O";
				VALIDATE_PRODUCT = YES;
			};
			name = Release;
		};
		7D25AB1F268E70C200AAD063 /* Debug */ = {
			isa = XCBuildConfiguration;
			buildSettings = {
				ASSETCATALOG_COMPILER_APPICON_NAME = AppIcon;
				ASSETCATALOG_COMPILER_GLOBAL_ACCENT_COLOR_NAME = AccentColor;
				CODE_SIGN_ENTITLEMENTS = ghostbird/ghostbird.entitlements;
				CODE_SIGN_IDENTITY = "Apple Development";
				"CODE_SIGN_IDENTITY[sdk=macosx*]" = "";
				CODE_SIGN_STYLE = Automatic;
				CURRENT_PROJECT_VERSION = 1;
				DEVELOPMENT_ASSET_PATHS = "\"ghostbird/Preview Content\"";
				ENABLE_PREVIEWS = YES;
				GENERATE_INFOPLIST_FILE = YES;
				INFOPLIST_FILE = "ghostbird-Info.plist";
				INFOPLIST_KEY_CFBundleExecutable = ghostbird;
				INFOPLIST_KEY_CFBundleName = ghostbird;
				INFOPLIST_KEY_CFBundleVersion = 1;
				INFOPLIST_KEY_UIApplicationSceneManifest_Generation = YES;
				INFOPLIST_KEY_UIApplicationSupportsIndirectInputEvents = YES;
				INFOPLIST_KEY_UILaunchScreen_Generation = YES;
				INFOPLIST_KEY_UISupportedInterfaceOrientations_iPad = "UIInterfaceOrientationPortrait UIInterfaceOrientationPortraitUpsideDown UIInterfaceOrientationLandscapeLeft UIInterfaceOrientationLandscapeRight";
				INFOPLIST_KEY_UISupportedInterfaceOrientations_iPhone = "UIInterfaceOrientationPortrait UIInterfaceOrientationLandscapeLeft UIInterfaceOrientationLandscapeRight";
				IPHONEOS_DEPLOYMENT_TARGET = 15.0;
				LD_RUNPATH_SEARCH_PATHS = (
					"$(inherited)",
					"@executable_path/Frameworks",
				);
				MACOSX_DEPLOYMENT_TARGET = 12.0;
				MARKETING_VERSION = 0.0.1;
				PRODUCT_BUNDLE_IDENTIFIER = me.ghostcode.ghostbird;
				"PRODUCT_BUNDLE_IDENTIFIER[sdk=macosx*]" = "";
				PRODUCT_NAME = "$(TARGET_NAME)";
				SUPPORTS_MACCATALYST = YES;
				SWIFT_EMIT_LOC_STRINGS = YES;
				SWIFT_VERSION = 5.0;
				TARGETED_DEVICE_FAMILY = "1,2";
			};
			name = Debug;
		};
		7D25AB20268E70C200AAD063 /* Release */ = {
			isa = XCBuildConfiguration;
			buildSettings = {
				ASSETCATALOG_COMPILER_APPICON_NAME = AppIcon;
				ASSETCATALOG_COMPILER_GLOBAL_ACCENT_COLOR_NAME = AccentColor;
				CODE_SIGN_ENTITLEMENTS = ghostbird/ghostbird.entitlements;
				CODE_SIGN_IDENTITY = "Apple Development";
				CODE_SIGN_STYLE = Automatic;
				CURRENT_PROJECT_VERSION = 1;
				DEVELOPMENT_ASSET_PATHS = "\"ghostbird/Preview Content\"";
				ENABLE_PREVIEWS = YES;
				GENERATE_INFOPLIST_FILE = YES;
				INFOPLIST_FILE = "ghostbird-Info.plist";
				INFOPLIST_KEY_CFBundleExecutable = ghostbird;
				INFOPLIST_KEY_CFBundleName = ghostbird;
				INFOPLIST_KEY_CFBundleVersion = 1;
				INFOPLIST_KEY_UIApplicationSceneManifest_Generation = YES;
				INFOPLIST_KEY_UIApplicationSupportsIndirectInputEvents = YES;
				INFOPLIST_KEY_UILaunchScreen_Generation = YES;
				INFOPLIST_KEY_UISupportedInterfaceOrientations_iPad = "UIInterfaceOrientationPortrait UIInterfaceOrientationPortraitUpsideDown UIInterfaceOrientationLandscapeLeft UIInterfaceOrientationLandscapeRight";
				INFOPLIST_KEY_UISupportedInterfaceOrientations_iPhone = "UIInterfaceOrientationPortrait UIInterfaceOrientationLandscapeLeft UIInterfaceOrientationLandscapeRight";
				IPHONEOS_DEPLOYMENT_TARGET = 15.0;
				LD_RUNPATH_SEARCH_PATHS = (
					"$(inherited)",
					"@executable_path/Frameworks",
				);
				MACOSX_DEPLOYMENT_TARGET = 12.0;
				MARKETING_VERSION = 0.0.1;
				PRODUCT_BUNDLE_IDENTIFIER = me.ghostcode.ghostbird;
				"PRODUCT_BUNDLE_IDENTIFIER[sdk=macosx*]" = "";
				PRODUCT_NAME = "$(TARGET_NAME)";
				SUPPORTS_MACCATALYST = YES;
				SWIFT_EMIT_LOC_STRINGS = YES;
				SWIFT_VERSION = 5.0;
				TARGETED_DEVICE_FAMILY = "1,2";
			};
			name = Release;
		};
/* End XCBuildConfiguration section */

/* Begin XCConfigurationList section */
		7D25AB0B268E70C100AAD063 /* Build configuration list for PBXProject "ghostbird" */ = {
			isa = XCConfigurationList;
			buildConfigurations = (
				7D25AB1C268E70C200AAD063 /* Debug */,
				7D25AB1D268E70C200AAD063 /* Release */,
			);
			defaultConfigurationIsVisible = 0;
			defaultConfigurationName = Release;
		};
		7D25AB1E268E70C200AAD063 /* Build configuration list for PBXNativeTarget "ghostbird" */ = {
			isa = XCConfigurationList;
			buildConfigurations = (
				7D25AB1F268E70C200AAD063 /* Debug */,
				7D25AB20268E70C200AAD063 /* Release */,
			);
			defaultConfigurationIsVisible = 0;
			defaultConfigurationName = Release;
		};
/* End XCConfigurationList section */
	};
	rootObject = 7D25AB08268E70C100AAD063 /* Project object */;
}
