// !$*UTF8*$!
{
	archiveVersion = 1;
	classes = {
	};
	objectVersion = 55;
	objects = {

/* Begin PBXBuildFile section */
		7D25AB14268E70C100AAD063 /* Twitter_TestsApp.swift in Sources */ = {isa = PBXBuildFile; fileRef = 7D25AB13268E70C100AAD063 /* Twitter_TestsApp.swift */; };
		7D25AB18268E70C200AAD063 /* Assets.xcassets in Resources */ = {isa = PBXBuildFile; fileRef = 7D25AB17268E70C200AAD063 /* Assets.xcassets */; };
		7D25AB1B268E70C200AAD063 /* Preview Assets.xcassets in Resources */ = {isa = PBXBuildFile; fileRef = 7D25AB1A268E70C200AAD063 /* Preview Assets.xcassets */; };
		7D25AB22268E70D300AAD063 /* TwitterAPI.swift in Sources */ = {isa = PBXBuildFile; fileRef = 7D25AB21268E70D300AAD063 /* TwitterAPI.swift */; };
		7D25AB28268E751300AAD063 /* TokenResponse.swift in Sources */ = {isa = PBXBuildFile; fileRef = 7D25AB27268E751300AAD063 /* TokenResponse.swift */; };
		7D25AB2A268E80DE00AAD063 /* TrendsResponse.swift in Sources */ = {isa = PBXBuildFile; fileRef = 7D25AB29268E80DE00AAD063 /* TrendsResponse.swift */; };
		7D25AB2D268EABA900AAD063 /* TrendsCollectionView.swift in Sources */ = {isa = PBXBuildFile; fileRef = 7D25AB2C268EABA900AAD063 /* TrendsCollectionView.swift */; };
		7D25AB2F268EAD2700AAD063 /* TrendsCollection.swift in Sources */ = {isa = PBXBuildFile; fileRef = 7D25AB2E268EAD2700AAD063 /* TrendsCollection.swift */; };
		7D25AB31268EB8DF00AAD063 /* SearchResponse.swift in Sources */ = {isa = PBXBuildFile; fileRef = 7D25AB30268EB8DF00AAD063 /* SearchResponse.swift */; };
		7D25AB35268EC1B000AAD063 /* Trend.swift in Sources */ = {isa = PBXBuildFile; fileRef = 7D25AB34268EC1B000AAD063 /* Trend.swift */; };
		7D25AB37268EC66E00AAD063 /* TrendView.swift in Sources */ = {isa = PBXBuildFile; fileRef = 7D25AB36268EC66E00AAD063 /* TrendView.swift */; };
		7D25AB39268F820500AAD063 /* ErrorResponse.swift in Sources */ = {isa = PBXBuildFile; fileRef = 7D25AB38268F820500AAD063 /* ErrorResponse.swift */; };
		7D25AB3C268FD85500AAD063 /* Tweet.swift in Sources */ = {isa = PBXBuildFile; fileRef = 7D25AB3B268FD85500AAD063 /* Tweet.swift */; };
		7D25AB3E268FD86300AAD063 /* User.swift in Sources */ = {isa = PBXBuildFile; fileRef = 7D25AB3D268FD86300AAD063 /* User.swift */; };
		7D25AB40268FDE3200AAD063 /* TweetView.swift in Sources */ = {isa = PBXBuildFile; fileRef = 7D25AB3F268FDE3200AAD063 /* TweetView.swift */; };
		7D25AB432690BF8C00AAD063 /* TweetDataObject.swift in Sources */ = {isa = PBXBuildFile; fileRef = 7D25AB422690BF8C00AAD063 /* TweetDataObject.swift */; };
		7D25AB452690BFA200AAD063 /* UserDataObject.swift in Sources */ = {isa = PBXBuildFile; fileRef = 7D25AB442690BFA200AAD063 /* UserDataObject.swift */; };
		7D25AB472690C18E00AAD063 /* Conversation.swift in Sources */ = {isa = PBXBuildFile; fileRef = 7D25AB462690C18E00AAD063 /* Conversation.swift */; };
/* End PBXBuildFile section */

/* Begin PBXFileReference section */
		7D25AB10268E70C100AAD063 /* Twitter Tests.app */ = {isa = PBXFileReference; explicitFileType = wrapper.application; includeInIndex = 0; path = "Twitter Tests.app"; sourceTree = BUILT_PRODUCTS_DIR; };
		7D25AB13268E70C100AAD063 /* Twitter_TestsApp.swift */ = {isa = PBXFileReference; lastKnownFileType = sourcecode.swift; path = Twitter_TestsApp.swift; sourceTree = "<group>"; };
		7D25AB17268E70C200AAD063 /* Assets.xcassets */ = {isa = PBXFileReference; lastKnownFileType = folder.assetcatalog; path = Assets.xcassets; sourceTree = "<group>"; };
		7D25AB1A268E70C200AAD063 /* Preview Assets.xcassets */ = {isa = PBXFileReference; lastKnownFileType = folder.assetcatalog; path = "Preview Assets.xcassets"; sourceTree = "<group>"; };
		7D25AB21268E70D300AAD063 /* TwitterAPI.swift */ = {isa = PBXFileReference; lastKnownFileType = sourcecode.swift; path = TwitterAPI.swift; sourceTree = "<group>"; };
		7D25AB25268E73B600AAD063 /* Twitter-Tests-Info.plist */ = {isa = PBXFileReference; lastKnownFileType = text.plist; path = "Twitter-Tests-Info.plist"; sourceTree = SOURCE_ROOT; };
		7D25AB27268E751300AAD063 /* TokenResponse.swift */ = {isa = PBXFileReference; lastKnownFileType = sourcecode.swift; path = TokenResponse.swift; sourceTree = "<group>"; };
		7D25AB29268E80DE00AAD063 /* TrendsResponse.swift */ = {isa = PBXFileReference; lastKnownFileType = sourcecode.swift; path = TrendsResponse.swift; sourceTree = "<group>"; };
		7D25AB2C268EABA900AAD063 /* TrendsCollectionView.swift */ = {isa = PBXFileReference; lastKnownFileType = sourcecode.swift; path = TrendsCollectionView.swift; sourceTree = "<group>"; };
		7D25AB2E268EAD2700AAD063 /* TrendsCollection.swift */ = {isa = PBXFileReference; lastKnownFileType = sourcecode.swift; path = TrendsCollection.swift; sourceTree = "<group>"; };
		7D25AB30268EB8DF00AAD063 /* SearchResponse.swift */ = {isa = PBXFileReference; lastKnownFileType = sourcecode.swift; path = SearchResponse.swift; sourceTree = "<group>"; };
		7D25AB34268EC1B000AAD063 /* Trend.swift */ = {isa = PBXFileReference; lastKnownFileType = sourcecode.swift; path = Trend.swift; sourceTree = "<group>"; };
		7D25AB36268EC66E00AAD063 /* TrendView.swift */ = {isa = PBXFileReference; lastKnownFileType = sourcecode.swift; path = TrendView.swift; sourceTree = "<group>"; };
		7D25AB38268F820500AAD063 /* ErrorResponse.swift */ = {isa = PBXFileReference; lastKnownFileType = sourcecode.swift; path = ErrorResponse.swift; sourceTree = "<group>"; };
		7D25AB3B268FD85500AAD063 /* Tweet.swift */ = {isa = PBXFileReference; lastKnownFileType = sourcecode.swift; path = Tweet.swift; sourceTree = "<group>"; };
		7D25AB3D268FD86300AAD063 /* User.swift */ = {isa = PBXFileReference; lastKnownFileType = sourcecode.swift; path = User.swift; sourceTree = "<group>"; };
		7D25AB3F268FDE3200AAD063 /* TweetView.swift */ = {isa = PBXFileReference; lastKnownFileType = sourcecode.swift; path = TweetView.swift; sourceTree = "<group>"; };
		7D25AB41268FE71600AAD063 /* Twitter Tests.entitlements */ = {isa = PBXFileReference; lastKnownFileType = text.plist.entitlements; path = "Twitter Tests.entitlements"; sourceTree = "<group>"; };
		7D25AB422690BF8C00AAD063 /* TweetDataObject.swift */ = {isa = PBXFileReference; lastKnownFileType = sourcecode.swift; path = TweetDataObject.swift; sourceTree = "<group>"; };
		7D25AB442690BFA200AAD063 /* UserDataObject.swift */ = {isa = PBXFileReference; lastKnownFileType = sourcecode.swift; path = UserDataObject.swift; sourceTree = "<group>"; };
		7D25AB462690C18E00AAD063 /* Conversation.swift */ = {isa = PBXFileReference; lastKnownFileType = sourcecode.swift; path = Conversation.swift; sourceTree = "<group>"; };
/* End PBXFileReference section */

/* Begin PBXFrameworksBuildPhase section */
		7D25AB0D268E70C100AAD063 /* Frameworks */ = {
			isa = PBXFrameworksBuildPhase;
			buildActionMask = 2147483647;
			files = (
			);
			runOnlyForDeploymentPostprocessing = 0;
		};
/* End PBXFrameworksBuildPhase section */

/* Begin PBXGroup section */
		7D25AB07268E70C100AAD063 = {
			isa = PBXGroup;
			children = (
				7D25AB12268E70C100AAD063 /* Twitter Tests */,
				7D25AB11268E70C100AAD063 /* Products */,
			);
			sourceTree = "<group>";
		};
		7D25AB11268E70C100AAD063 /* Products */ = {
			isa = PBXGroup;
			children = (
				7D25AB10268E70C100AAD063 /* Twitter Tests.app */,
			);
			name = Products;
			sourceTree = "<group>";
		};
		7D25AB12268E70C100AAD063 /* Twitter Tests */ = {
			isa = PBXGroup;
			children = (
				7D25AB41268FE71600AAD063 /* Twitter Tests.entitlements */,
				7D25AB25268E73B600AAD063 /* Twitter-Tests-Info.plist */,
				7D25AB13268E70C100AAD063 /* Twitter_TestsApp.swift */,
				7D25AB3A268F8D1B00AAD063 /* Models */,
				7D25AB2B268EAB9B00AAD063 /* Views */,
				7D25AB26268E744300AAD063 /* API */,
				7D25AB17268E70C200AAD063 /* Assets.xcassets */,
				7D25AB19268E70C200AAD063 /* Preview Content */,
			);
			path = "Twitter Tests";
			sourceTree = "<group>";
		};
		7D25AB19268E70C200AAD063 /* Preview Content */ = {
			isa = PBXGroup;
			children = (
				7D25AB1A268E70C200AAD063 /* Preview Assets.xcassets */,
			);
			path = "Preview Content";
			sourceTree = "<group>";
		};
		7D25AB26268E744300AAD063 /* API */ = {
			isa = PBXGroup;
			children = (
				7D25AB21268E70D300AAD063 /* TwitterAPI.swift */,
				7D25AB27268E751300AAD063 /* TokenResponse.swift */,
				7D25AB29268E80DE00AAD063 /* TrendsResponse.swift */,
				7D25AB30268EB8DF00AAD063 /* SearchResponse.swift */,
				7D25AB422690BF8C00AAD063 /* TweetDataObject.swift */,
				7D25AB442690BFA200AAD063 /* UserDataObject.swift */,
				7D25AB38268F820500AAD063 /* ErrorResponse.swift */,
			);
			path = API;
			sourceTree = "<group>";
		};
		7D25AB2B268EAB9B00AAD063 /* Views */ = {
			isa = PBXGroup;
			children = (
				7D25AB2C268EABA900AAD063 /* TrendsCollectionView.swift */,
				7D25AB36268EC66E00AAD063 /* TrendView.swift */,
				7D25AB3F268FDE3200AAD063 /* TweetView.swift */,
			);
			path = Views;
			sourceTree = "<group>";
		};
		7D25AB3A268F8D1B00AAD063 /* Models */ = {
			isa = PBXGroup;
			children = (
				7D25AB34268EC1B000AAD063 /* Trend.swift */,
				7D25AB3B268FD85500AAD063 /* Tweet.swift */,
				7D25AB3D268FD86300AAD063 /* User.swift */,
				7D25AB2E268EAD2700AAD063 /* TrendsCollection.swift */,
				7D25AB462690C18E00AAD063 /* Conversation.swift */,
			);
			path = Models;
			sourceTree = "<group>";
		};
/* End PBXGroup section */

/* Begin PBXNativeTarget section */
		7D25AB0F268E70C100AAD063 /* Twitter Tests */ = {
			isa = PBXNativeTarget;
			buildConfigurationList = 7D25AB1E268E70C200AAD063 /* Build configuration list for PBXNativeTarget "Twitter Tests" */;
			buildPhases = (
				7D25AB0C268E70C100AAD063 /* Sources */,
				7D25AB0D268E70C100AAD063 /* Frameworks */,
				7D25AB0E268E70C100AAD063 /* Resources */,
			);
			buildRules = (
			);
			dependencies = (
			);
			name = "Twitter Tests";
			productName = "Twitter Tests";
			productReference = 7D25AB10268E70C100AAD063 /* Twitter Tests.app */;
			productType = "com.apple.product-type.application";
		};
/* End PBXNativeTarget section */

/* Begin PBXProject section */
		7D25AB08268E70C100AAD063 /* Project object */ = {
			isa = PBXProject;
			attributes = {
				BuildIndependentTargetsInParallel = 1;
				LastSwiftUpdateCheck = 1300;
				LastUpgradeCheck = 1300;
				TargetAttributes = {
					7D25AB0F268E70C100AAD063 = {
						CreatedOnToolsVersion = 13.0;
					};
				};
			};
			buildConfigurationList = 7D25AB0B268E70C100AAD063 /* Build configuration list for PBXProject "Twitter Tests" */;
			compatibilityVersion = "Xcode 13.0";
			developmentRegion = en;
			hasScannedForEncodings = 0;
			knownRegions = (
				en,
				Base,
			);
			mainGroup = 7D25AB07268E70C100AAD063;
			productRefGroup = 7D25AB11268E70C100AAD063 /* Products */;
			projectDirPath = "";
			projectRoot = "";
			targets = (
				7D25AB0F268E70C100AAD063 /* Twitter Tests */,
			);
		};
/* End PBXProject section */

/* Begin PBXResourcesBuildPhase section */
		7D25AB0E268E70C100AAD063 /* Resources */ = {
			isa = PBXResourcesBuildPhase;
			buildActionMask = 2147483647;
			files = (
				7D25AB1B268E70C200AAD063 /* Preview Assets.xcassets in Resources */,
				7D25AB18268E70C200AAD063 /* Assets.xcassets in Resources */,
			);
			runOnlyForDeploymentPostprocessing = 0;
		};
/* End PBXResourcesBuildPhase section */

/* Begin PBXSourcesBuildPhase section */
		7D25AB0C268E70C100AAD063 /* Sources */ = {
			isa = PBXSourcesBuildPhase;
			buildActionMask = 2147483647;
			files = (
				7D25AB452690BFA200AAD063 /* UserDataObject.swift in Sources */,
				7D25AB2A268E80DE00AAD063 /* TrendsResponse.swift in Sources */,
				7D25AB22268E70D300AAD063 /* TwitterAPI.swift in Sources */,
				7D25AB39268F820500AAD063 /* ErrorResponse.swift in Sources */,
				7D25AB3C268FD85500AAD063 /* Tweet.swift in Sources */,
				7D25AB432690BF8C00AAD063 /* TweetDataObject.swift in Sources */,
				7D25AB2D268EABA900AAD063 /* TrendsCollectionView.swift in Sources */,
				7D25AB31268EB8DF00AAD063 /* SearchResponse.swift in Sources */,
				7D25AB472690C18E00AAD063 /* Conversation.swift in Sources */,
				7D25AB3E268FD86300AAD063 /* User.swift in Sources */,
				7D25AB40268FDE3200AAD063 /* TweetView.swift in Sources */,
				7D25AB2F268EAD2700AAD063 /* TrendsCollection.swift in Sources */,
				7D25AB37268EC66E00AAD063 /* TrendView.swift in Sources */,
				7D25AB35268EC1B000AAD063 /* Trend.swift in Sources */,
				7D25AB14268E70C100AAD063 /* Twitter_TestsApp.swift in Sources */,
				7D25AB28268E751300AAD063 /* TokenResponse.swift in Sources */,
			);
			runOnlyForDeploymentPostprocessing = 0;
		};
/* End PBXSourcesBuildPhase section */

/* Begin XCBuildConfiguration section */
		7D25AB1C268E70C200AAD063 /* Debug */ = {
			isa = XCBuildConfiguration;
			buildSettings = {
				ALWAYS_SEARCH_USER_PATHS = NO;
				CLANG_ANALYZER_NONNULL = YES;
				CLANG_ANALYZER_NUMBER_OBJECT_CONVERSION = YES_AGGRESSIVE;
				CLANG_CXX_LANGUAGE_STANDARD = "gnu++14";
				CLANG_CXX_LIBRARY = "libc++";
				CLANG_ENABLE_MODULES = YES;
				CLANG_ENABLE_OBJC_ARC = YES;
				CLANG_ENABLE_OBJC_WEAK = YES;
				CLANG_WARN_BLOCK_CAPTURE_AUTORELEASING = YES;
				CLANG_WARN_BOOL_CONVERSION = YES;
				CLANG_WARN_COMMA = YES;
				CLANG_WARN_CONSTANT_CONVERSION = YES;
				CLANG_WARN_DEPRECATED_OBJC_IMPLEMENTATIONS = YES;
				CLANG_WARN_DIRECT_OBJC_ISA_USAGE = YES_ERROR;
				CLANG_WARN_DOCUMENTATION_COMMENTS = YES;
				CLANG_WARN_EMPTY_BODY = YES;
				CLANG_WARN_ENUM_CONVERSION = YES;
				CLANG_WARN_INFINITE_RECURSION = YES;
				CLANG_WARN_INT_CONVERSION = YES;
				CLANG_WARN_NON_LITERAL_NULL_CONVERSION = YES;
				CLANG_WARN_OBJC_IMPLICIT_RETAIN_SELF = YES;
				CLANG_WARN_OBJC_LITERAL_CONVERSION = YES;
				CLANG_WARN_OBJC_ROOT_CLASS = YES_ERROR;
				CLANG_WARN_QUOTED_INCLUDE_IN_FRAMEWORK_HEADER = YES;
				CLANG_WARN_RANGE_LOOP_ANALYSIS = YES;
				CLANG_WARN_STRICT_PROTOTYPES = YES;
				CLANG_WARN_SUSPICIOUS_MOVE = YES;
				CLANG_WARN_UNGUARDED_AVAILABILITY = YES_AGGRESSIVE;
				CLANG_WARN_UNREACHABLE_CODE = YES;
				CLANG_WARN__DUPLICATE_METHOD_MATCH = YES;
				COPY_PHASE_STRIP = NO;
				DEBUG_INFORMATION_FORMAT = dwarf;
				ENABLE_STRICT_OBJC_MSGSEND = YES;
				ENABLE_TESTABILITY = YES;
				GCC_C_LANGUAGE_STANDARD = gnu11;
				GCC_DYNAMIC_NO_PIC = NO;
				GCC_NO_COMMON_BLOCKS = YES;
				GCC_OPTIMIZATION_LEVEL = 0;
				GCC_PREPROCESSOR_DEFINITIONS = (
					"DEBUG=1",
					"$(inherited)",
				);
				GCC_WARN_64_TO_32_BIT_CONVERSION = YES;
				GCC_WARN_ABOUT_RETURN_TYPE = YES_ERROR;
				GCC_WARN_UNDECLARED_SELECTOR = YES;
				GCC_WARN_UNINITIALIZED_AUTOS = YES_AGGRESSIVE;
				GCC_WARN_UNUSED_FUNCTION = YES;
				GCC_WARN_UNUSED_VARIABLE = YES;
				IPHONEOS_DEPLOYMENT_TARGET = 15.0;
				MTL_ENABLE_DEBUG_INFO = INCLUDE_SOURCE;
				MTL_FAST_MATH = YES;
				ONLY_ACTIVE_ARCH = YES;
				SDKROOT = iphoneos;
				SWIFT_ACTIVE_COMPILATION_CONDITIONS = DEBUG;
				SWIFT_OPTIMIZATION_LEVEL = "-Onone";
			};
			name = Debug;
		};
		7D25AB1D268E70C200AAD063 /* Release */ = {
			isa = XCBuildConfiguration;
			buildSettings = {
				ALWAYS_SEARCH_USER_PATHS = NO;
				CLANG_ANALYZER_NONNULL = YES;
				CLANG_ANALYZER_NUMBER_OBJECT_CONVERSION = YES_AGGRESSIVE;
				CLANG_CXX_LANGUAGE_STANDARD = "gnu++14";
				CLANG_CXX_LIBRARY = "libc++";
				CLANG_ENABLE_MODULES = YES;
				CLANG_ENABLE_OBJC_ARC = YES;
				CLANG_ENABLE_OBJC_WEAK = YES;
				CLANG_WARN_BLOCK_CAPTURE_AUTORELEASING = YES;
				CLANG_WARN_BOOL_CONVERSION = YES;
				CLANG_WARN_COMMA = YES;
				CLANG_WARN_CONSTANT_CONVERSION = YES;
				CLANG_WARN_DEPRECATED_OBJC_IMPLEMENTATIONS = YES;
				CLANG_WARN_DIRECT_OBJC_ISA_USAGE = YES_ERROR;
				CLANG_WARN_DOCUMENTATION_COMMENTS = YES;
				CLANG_WARN_EMPTY_BODY = YES;
				CLANG_WARN_ENUM_CONVERSION = YES;
				CLANG_WARN_INFINITE_RECURSION = YES;
				CLANG_WARN_INT_CONVERSION = YES;
				CLANG_WARN_NON_LITERAL_NULL_CONVERSION = YES;
				CLANG_WARN_OBJC_IMPLICIT_RETAIN_SELF = YES;
				CLANG_WARN_OBJC_LITERAL_CONVERSION = YES;
				CLANG_WARN_OBJC_ROOT_CLASS = YES_ERROR;
				CLANG_WARN_QUOTED_INCLUDE_IN_FRAMEWORK_HEADER = YES;
				CLANG_WARN_RANGE_LOOP_ANALYSIS = YES;
				CLANG_WARN_STRICT_PROTOTYPES = YES;
				CLANG_WARN_SUSPICIOUS_MOVE = YES;
				CLANG_WARN_UNGUARDED_AVAILABILITY = YES_AGGRESSIVE;
				CLANG_WARN_UNREACHABLE_CODE = YES;
				CLANG_WARN__DUPLICATE_METHOD_MATCH = YES;
				COPY_PHASE_STRIP = NO;
				DEBUG_INFORMATION_FORMAT = "dwarf-with-dsym";
				ENABLE_NS_ASSERTIONS = NO;
				ENABLE_STRICT_OBJC_MSGSEND = YES;
				GCC_C_LANGUAGE_STANDARD = gnu11;
				GCC_NO_COMMON_BLOCKS = YES;
				GCC_WARN_64_TO_32_BIT_CONVERSION = YES;
				GCC_WARN_ABOUT_RETURN_TYPE = YES_ERROR;
				GCC_WARN_UNDECLARED_SELECTOR = YES;
				GCC_WARN_UNINITIALIZED_AUTOS = YES_AGGRESSIVE;
				GCC_WARN_UNUSED_FUNCTION = YES;
				GCC_WARN_UNUSED_VARIABLE = YES;
				IPHONEOS_DEPLOYMENT_TARGET = 15.0;
				MTL_ENABLE_DEBUG_INFO = NO;
				MTL_FAST_MATH = YES;
				SDKROOT = iphoneos;
				SWIFT_COMPILATION_MODE = wholemodule;
				SWIFT_OPTIMIZATION_LEVEL = "-O";
				VALIDATE_PRODUCT = YES;
			};
			name = Release;
		};
		7D25AB1F268E70C200AAD063 /* Debug */ = {
			isa = XCBuildConfiguration;
			buildSettings = {
				ASSETCATALOG_COMPILER_APPICON_NAME = AppIcon;
				ASSETCATALOG_COMPILER_GLOBAL_ACCENT_COLOR_NAME = AccentColor;
				CODE_SIGN_ENTITLEMENTS = "Twitter Tests/Twitter Tests.entitlements";
				CODE_SIGN_IDENTITY = "Apple Development";
				"CODE_SIGN_IDENTITY[sdk=macosx*]" = "";
				CODE_SIGN_STYLE = Automatic;
				CURRENT_PROJECT_VERSION = 1;
				DEVELOPMENT_ASSET_PATHS = "\"Twitter Tests/Preview Content\"";
				ENABLE_PREVIEWS = YES;
				GENERATE_INFOPLIST_FILE = YES;
				INFOPLIST_FILE = "Twitter-Tests-Info.plist";
				INFOPLIST_KEY_CFBundleExecutable = "Twitter Tests";
				INFOPLIST_KEY_CFBundleName = "Twitter Tests";
				INFOPLIST_KEY_CFBundleVersion = 1;
				INFOPLIST_KEY_UIApplicationSceneManifest_Generation = YES;
				INFOPLIST_KEY_UIApplicationSupportsIndirectInputEvents = YES;
				INFOPLIST_KEY_UILaunchScreen_Generation = YES;
				INFOPLIST_KEY_UISupportedInterfaceOrientations_iPad = "UIInterfaceOrientationPortrait UIInterfaceOrientationPortraitUpsideDown UIInterfaceOrientationLandscapeLeft UIInterfaceOrientationLandscapeRight";
				INFOPLIST_KEY_UISupportedInterfaceOrientations_iPhone = "UIInterfaceOrientationPortrait UIInterfaceOrientationLandscapeLeft UIInterfaceOrientationLandscapeRight";
				IPHONEOS_DEPLOYMENT_TARGET = 15.0;
				LD_RUNPATH_SEARCH_PATHS = (
					"$(inherited)",
					"@executable_path/Frameworks",
				);
				MACOSX_DEPLOYMENT_TARGET = 12.0;
				MARKETING_VERSION = 0.0.1;
				PRODUCT_BUNDLE_IDENTIFIER = "me.ghostcode.Twitter-Tests";
				"PRODUCT_BUNDLE_IDENTIFIER[sdk=macosx*]" = "";
				PRODUCT_NAME = "$(TARGET_NAME)";
				SUPPORTS_MACCATALYST = YES;
				SWIFT_EMIT_LOC_STRINGS = YES;
				SWIFT_VERSION = 5.0;
				TARGETED_DEVICE_FAMILY = "1,2";
			};
			name = Debug;
		};
		7D25AB20268E70C200AAD063 /* Release */ = {
			isa = XCBuildConfiguration;
			buildSettings = {
				ASSETCATALOG_COMPILER_APPICON_NAME = AppIcon;
				ASSETCATALOG_COMPILER_GLOBAL_ACCENT_COLOR_NAME = AccentColor;
				CODE_SIGN_ENTITLEMENTS = "Twitter Tests/Twitter Tests.entitlements";
				CODE_SIGN_IDENTITY = "Apple Development";
				CODE_SIGN_STYLE = Automatic;
				CURRENT_PROJECT_VERSION = 1;
				DEVELOPMENT_ASSET_PATHS = "\"Twitter Tests/Preview Content\"";
				ENABLE_PREVIEWS = YES;
				GENERATE_INFOPLIST_FILE = YES;
				INFOPLIST_FILE = "Twitter-Tests-Info.plist";
				INFOPLIST_KEY_CFBundleExecutable = "Twitter Tests";
				INFOPLIST_KEY_CFBundleName = "Twitter Tests";
				INFOPLIST_KEY_CFBundleVersion = 1;
				INFOPLIST_KEY_UIApplicationSceneManifest_Generation = YES;
				INFOPLIST_KEY_UIApplicationSupportsIndirectInputEvents = YES;
				INFOPLIST_KEY_UILaunchScreen_Generation = YES;
				INFOPLIST_KEY_UISupportedInterfaceOrientations_iPad = "UIInterfaceOrientationPortrait UIInterfaceOrientationPortraitUpsideDown UIInterfaceOrientationLandscapeLeft UIInterfaceOrientationLandscapeRight";
				INFOPLIST_KEY_UISupportedInterfaceOrientations_iPhone = "UIInterfaceOrientationPortrait UIInterfaceOrientationLandscapeLeft UIInterfaceOrientationLandscapeRight";
				IPHONEOS_DEPLOYMENT_TARGET = 15.0;
				LD_RUNPATH_SEARCH_PATHS = (
					"$(inherited)",
					"@executable_path/Frameworks",
				);
				MACOSX_DEPLOYMENT_TARGET = 12.0;
				MARKETING_VERSION = 0.0.1;
				PRODUCT_BUNDLE_IDENTIFIER = "me.ghostcode.Twitter-Tests";
				"PRODUCT_BUNDLE_IDENTIFIER[sdk=macosx*]" = "";
				PRODUCT_NAME = "$(TARGET_NAME)";
				SUPPORTS_MACCATALYST = YES;
				SWIFT_EMIT_LOC_STRINGS = YES;
				SWIFT_VERSION = 5.0;
				TARGETED_DEVICE_FAMILY = "1,2";
			};
			name = Release;
		};
/* End XCBuildConfiguration section */

/* Begin XCConfigurationList section */
		7D25AB0B268E70C100AAD063 /* Build configuration list for PBXProject "Twitter Tests" */ = {
			isa = XCConfigurationList;
			buildConfigurations = (
				7D25AB1C268E70C200AAD063 /* Debug */,
				7D25AB1D268E70C200AAD063 /* Release */,
			);
			defaultConfigurationIsVisible = 0;
			defaultConfigurationName = Release;
		};
		7D25AB1E268E70C200AAD063 /* Build configuration list for PBXNativeTarget "Twitter Tests" */ = {
			isa = XCConfigurationList;
			buildConfigurations = (
				7D25AB1F268E70C200AAD063 /* Debug */,
				7D25AB20268E70C200AAD063 /* Release */,
			);
			defaultConfigurationIsVisible = 0;
			defaultConfigurationName = Release;
		};
/* End XCConfigurationList section */
	};
	rootObject = 7D25AB08268E70C100AAD063 /* Project object */;
}
